// !$*UTF8*$!
{
	archiveVersion = 1;
	classes = {
	};
	objectVersion = 50;
	objects = {

/* Begin PBXBuildFile section */
		8613174223EF2A7400549162 /* String+Extensions.swift in Sources */ = {isa = PBXBuildFile; fileRef = 8613174123EF2A7400549162 /* String+Extensions.swift */; };
		863DC95823E487A2001A77F5 /* ViewController.swift in Sources */ = {isa = PBXBuildFile; fileRef = 863DC95723E487A2001A77F5 /* ViewController.swift */; };
		863DC95D23E487A3001A77F5 /* Assets.xcassets in Resources */ = {isa = PBXBuildFile; fileRef = 863DC95C23E487A3001A77F5 /* Assets.xcassets */; };
		8662FBF623EC326700FA9915 /* AppDelegate.swift in Sources */ = {isa = PBXBuildFile; fileRef = 8662FBF523EC326700FA9915 /* AppDelegate.swift */; };
		8662FBF823EEDC3D00FA9915 /* StatisticsViewController.swift in Sources */ = {isa = PBXBuildFile; fileRef = 8662FBF723EEDC3D00FA9915 /* StatisticsViewController.swift */; };
		8662FBFA23EF060A00FA9915 /* DataBaseHelper.swift in Sources */ = {isa = PBXBuildFile; fileRef = 8662FBF923EF060A00FA9915 /* DataBaseHelper.swift */; };
		8662FBFC23EF21D900FA9915 /* Localizable.strings in Resources */ = {isa = PBXBuildFile; fileRef = 8662FBFE23EF21D900FA9915 /* Localizable.strings */; };
		86C4E90C23F2AE3500C75B2B /* SplashScreen.storyboard in Resources */ = {isa = PBXBuildFile; fileRef = 86C4E90B23F2AE3500C75B2B /* SplashScreen.storyboard */; };
		86C5274323EAE8AF0004B119 /* Swift.png in Resources */ = {isa = PBXBuildFile; fileRef = 86C5274223EAE8AF0004B119 /* Swift.png */; };
		86C5274B23EB44980004B119 /* Main.storyboard in Resources */ = {isa = PBXBuildFile; fileRef = 86C5274923EB44980004B119 /* Main.storyboard */; };
		86C5275323EB5F720004B119 /* SettingsViewController.swift in Sources */ = {isa = PBXBuildFile; fileRef = 86C5275223EB5F720004B119 /* SettingsViewController.swift */; };
/* End PBXBuildFile section */

/* Begin PBXFileReference section */
		8613174123EF2A7400549162 /* String+Extensions.swift */ = {isa = PBXFileReference; lastKnownFileType = sourcecode.swift; path = "String+Extensions.swift"; sourceTree = "<group>"; };
		863DC95023E487A2001A77F5 /* FirstPracticeEpam.app */ = {isa = PBXFileReference; explicitFileType = wrapper.application; includeInIndex = 0; path = FirstPracticeEpam.app; sourceTree = BUILT_PRODUCTS_DIR; };
		863DC95723E487A2001A77F5 /* ViewController.swift */ = {isa = PBXFileReference; lastKnownFileType = sourcecode.swift; path = ViewController.swift; sourceTree = "<group>"; };
		863DC95C23E487A3001A77F5 /* Assets.xcassets */ = {isa = PBXFileReference; lastKnownFileType = folder.assetcatalog; path = Assets.xcassets; sourceTree = "<group>"; };
		863DC96123E487A3001A77F5 /* Info.plist */ = {isa = PBXFileReference; lastKnownFileType = text.plist.xml; path = Info.plist; sourceTree = "<group>"; };
		8662FBF523EC326700FA9915 /* AppDelegate.swift */ = {isa = PBXFileReference; fileEncoding = 4; lastKnownFileType = sourcecode.swift; path = AppDelegate.swift; sourceTree = "<group>"; };
		8662FBF723EEDC3D00FA9915 /* StatisticsViewController.swift */ = {isa = PBXFileReference; lastKnownFileType = sourcecode.swift; path = StatisticsViewController.swift; sourceTree = "<group>"; };
		8662FBF923EF060A00FA9915 /* DataBaseHelper.swift */ = {isa = PBXFileReference; lastKnownFileType = sourcecode.swift; path = DataBaseHelper.swift; sourceTree = "<group>"; };
		8662FBFD23EF21D900FA9915 /* ru */ = {isa = PBXFileReference; lastKnownFileType = text.plist.strings; name = ru; path = ru.lproj/Localizable.strings; sourceTree = "<group>"; };
		8662FC0723EF25DD00FA9915 /* en */ = {isa = PBXFileReference; lastKnownFileType = text.plist.strings; name = en; path = en.lproj/Localizable.strings; sourceTree = "<group>"; };
		86BD58FA23F1FF0700244E16 /* en */ = {isa = PBXFileReference; lastKnownFileType = file.storyboard; name = en; path = ../../../Epam/Practice/FirstPracticeEpam/FirstPracticeEpam/en.lproj/Main.storyboard; sourceTree = "<group>"; };
		86BD58FE23F1FF3600244E16 /* ru */ = {isa = PBXFileReference; lastKnownFileType = file.storyboard; name = ru; path = ../../../Epam/Practice/FirstPracticeEpam/FirstPracticeEpam/ru.lproj/Main.storyboard; sourceTree = "<group>"; };
		86C4E90B23F2AE3500C75B2B /* SplashScreen.storyboard */ = {isa = PBXFileReference; lastKnownFileType = file.storyboard; path = SplashScreen.storyboard; sourceTree = "<group>"; };
		86C5274223EAE8AF0004B119 /* Swift.png */ = {isa = PBXFileReference; lastKnownFileType = image.png; path = Swift.png; sourceTree = "<group>"; };
		86C5275223EB5F720004B119 /* SettingsViewController.swift */ = {isa = PBXFileReference; lastKnownFileType = sourcecode.swift; path = SettingsViewController.swift; sourceTree = "<group>"; };
/* End PBXFileReference section */

/* Begin PBXFrameworksBuildPhase section */
		863DC94D23E487A2001A77F5 /* Frameworks */ = {
			isa = PBXFrameworksBuildPhase;
			buildActionMask = 2147483647;
			files = (
			);
			runOnlyForDeploymentPostprocessing = 0;
		};
/* End PBXFrameworksBuildPhase section */

/* Begin PBXGroup section */
		863DC94723E487A2001A77F5 = {
			isa = PBXGroup;
			children = (
				863DC95223E487A2001A77F5 /* FirstPracticeEpam */,
				863DC95123E487A2001A77F5 /* Products */,
			);
			sourceTree = "<group>";
		};
		863DC95123E487A2001A77F5 /* Products */ = {
			isa = PBXGroup;
			children = (
				863DC95023E487A2001A77F5 /* FirstPracticeEpam.app */,
			);
			name = Products;
			sourceTree = "<group>";
		};
		863DC95223E487A2001A77F5 /* FirstPracticeEpam */ = {
			isa = PBXGroup;
			children = (
				8662FBF523EC326700FA9915 /* AppDelegate.swift */,
				863DC95723E487A2001A77F5 /* ViewController.swift */,
				86C5275223EB5F720004B119 /* SettingsViewController.swift */,
				8662FBF923EF060A00FA9915 /* DataBaseHelper.swift */,
				8662FBF723EEDC3D00FA9915 /* StatisticsViewController.swift */,
				8662FBFE23EF21D900FA9915 /* Localizable.strings */,
				863DC95C23E487A3001A77F5 /* Assets.xcassets */,
				8613174123EF2A7400549162 /* String+Extensions.swift */,
				86C5274923EB44980004B119 /* Main.storyboard */,
				86C4E90B23F2AE3500C75B2B /* SplashScreen.storyboard */,
				86C5274223EAE8AF0004B119 /* Swift.png */,
				863DC96123E487A3001A77F5 /* Info.plist */,
			);
			path = FirstPracticeEpam;
			sourceTree = "<group>";
		};
/* End PBXGroup section */

/* Begin PBXNativeTarget section */
		863DC94F23E487A2001A77F5 /* FirstPracticeEpam */ = {
			isa = PBXNativeTarget;
			buildConfigurationList = 863DC96423E487A3001A77F5 /* Build configuration list for PBXNativeTarget "FirstPracticeEpam" */;
			buildPhases = (
				863DC94C23E487A2001A77F5 /* Sources */,
				863DC94D23E487A2001A77F5 /* Frameworks */,
				863DC94E23E487A2001A77F5 /* Resources */,
			);
			buildRules = (
			);
			dependencies = (
			);
			name = FirstPracticeEpam;
			productName = FirstPracticeEpam;
			productReference = 863DC95023E487A2001A77F5 /* FirstPracticeEpam.app */;
			productType = "com.apple.product-type.application";
		};
/* End PBXNativeTarget section */

/* Begin PBXProject section */
		863DC94823E487A2001A77F5 /* Project object */ = {
			isa = PBXProject;
			attributes = {
				LastSwiftUpdateCheck = 1130;
				LastUpgradeCheck = 1130;
				ORGANIZATIONNAME = "Anastasia Demidova";
				TargetAttributes = {
					863DC94F23E487A2001A77F5 = {
						CreatedOnToolsVersion = 11.3.1;
					};
				};
			};
			buildConfigurationList = 863DC94B23E487A2001A77F5 /* Build configuration list for PBXProject "FirstPracticeEpam" */;
			compatibilityVersion = "Xcode 9.3";
			developmentRegion = en;
			hasScannedForEncodings = 0;
			knownRegions = (
				en,
				Base,
				ru,
			);
			mainGroup = 863DC94723E487A2001A77F5;
			productRefGroup = 863DC95123E487A2001A77F5 /* Products */;
			projectDirPath = "";
			projectRoot = "";
			targets = (
				863DC94F23E487A2001A77F5 /* FirstPracticeEpam */,
			);
		};
/* End PBXProject section */

/* Begin PBXResourcesBuildPhase section */
		863DC94E23E487A2001A77F5 /* Resources */ = {
			isa = PBXResourcesBuildPhase;
			buildActionMask = 2147483647;
			files = (
				86C5274B23EB44980004B119 /* Main.storyboard in Resources */,
				86C5274323EAE8AF0004B119 /* Swift.png in Resources */,
				863DC95D23E487A3001A77F5 /* Assets.xcassets in Resources */,
				86C4E90C23F2AE3500C75B2B /* SplashScreen.storyboard in Resources */,
				8662FBFC23EF21D900FA9915 /* Localizable.strings in Resources */,
			);
			runOnlyForDeploymentPostprocessing = 0;
		};
/* End PBXResourcesBuildPhase section */

/* Begin PBXSourcesBuildPhase section */
		863DC94C23E487A2001A77F5 /* Sources */ = {
			isa = PBXSourcesBuildPhase;
			buildActionMask = 2147483647;
			files = (
				8662FBF623EC326700FA9915 /* AppDelegate.swift in Sources */,
				8662FBFA23EF060A00FA9915 /* DataBaseHelper.swift in Sources */,
				863DC95823E487A2001A77F5 /* ViewController.swift in Sources */,
				86C5275323EB5F720004B119 /* SettingsViewController.swift in Sources */,
				8613174223EF2A7400549162 /* String+Extensions.swift in Sources */,
				8662FBF823EEDC3D00FA9915 /* StatisticsViewController.swift in Sources */,
			);
			runOnlyForDeploymentPostprocessing = 0;
		};
/* End PBXSourcesBuildPhase section */

/* Begin PBXVariantGroup section */
		8662FBFE23EF21D900FA9915 /* Localizable.strings */ = {
			isa = PBXVariantGroup;
			children = (
				8662FBFD23EF21D900FA9915 /* ru */,
				8662FC0723EF25DD00FA9915 /* en */,
			);
			name = Localizable.strings;
			sourceTree = "<group>";
		};
		86C5274923EB44980004B119 /* Main.storyboard */ = {
			isa = PBXVariantGroup;
			children = (
				86BD58FA23F1FF0700244E16 /* en */,
				86BD58FE23F1FF3600244E16 /* ru */,
			);
			name = Main.storyboard;
			sourceTree = "<group>";
		};
/* End PBXVariantGroup section */

/* Begin XCBuildConfiguration section */
		863DC96223E487A3001A77F5 /* Debug */ = {
			isa = XCBuildConfiguration;
			buildSettings = {
				ALWAYS_SEARCH_USER_PATHS = NO;
				CLANG_ANALYZER_LOCALIZABILITY_NONLOCALIZED = YES;
				CLANG_ANALYZER_NONNULL = YES;
				CLANG_ANALYZER_NUMBER_OBJECT_CONVERSION = YES_AGGRESSIVE;
				CLANG_CXX_LANGUAGE_STANDARD = "gnu++14";
				CLANG_CXX_LIBRARY = "libc++";
				CLANG_ENABLE_MODULES = YES;
				CLANG_ENABLE_OBJC_ARC = YES;
				CLANG_ENABLE_OBJC_WEAK = YES;
				CLANG_WARN_BLOCK_CAPTURE_AUTORELEASING = YES;
				CLANG_WARN_BOOL_CONVERSION = YES;
				CLANG_WARN_COMMA = YES;
				CLANG_WARN_CONSTANT_CONVERSION = YES;
				CLANG_WARN_DEPRECATED_OBJC_IMPLEMENTATIONS = YES;
				CLANG_WARN_DIRECT_OBJC_ISA_USAGE = YES_ERROR;
				CLANG_WARN_DOCUMENTATION_COMMENTS = YES;
				CLANG_WARN_EMPTY_BODY = YES;
				CLANG_WARN_ENUM_CONVERSION = YES;
				CLANG_WARN_INFINITE_RECURSION = YES;
				CLANG_WARN_INT_CONVERSION = YES;
				CLANG_WARN_NON_LITERAL_NULL_CONVERSION = YES;
				CLANG_WARN_OBJC_IMPLICIT_RETAIN_SELF = YES;
				CLANG_WARN_OBJC_LITERAL_CONVERSION = YES;
				CLANG_WARN_OBJC_ROOT_CLASS = YES_ERROR;
				CLANG_WARN_RANGE_LOOP_ANALYSIS = YES;
				CLANG_WARN_STRICT_PROTOTYPES = YES;
				CLANG_WARN_SUSPICIOUS_MOVE = YES;
				CLANG_WARN_UNGUARDED_AVAILABILITY = YES_AGGRESSIVE;
				CLANG_WARN_UNREACHABLE_CODE = YES;
				CLANG_WARN__DUPLICATE_METHOD_MATCH = YES;
				COPY_PHASE_STRIP = NO;
				DEBUG_INFORMATION_FORMAT = dwarf;
				ENABLE_STRICT_OBJC_MSGSEND = YES;
				ENABLE_TESTABILITY = YES;
				GCC_C_LANGUAGE_STANDARD = gnu11;
				GCC_DYNAMIC_NO_PIC = NO;
				GCC_NO_COMMON_BLOCKS = YES;
				GCC_OPTIMIZATION_LEVEL = 0;
				GCC_PREPROCESSOR_DEFINITIONS = (
					"DEBUG=1",
					"$(inherited)",
				);
				GCC_WARN_64_TO_32_BIT_CONVERSION = YES;
				GCC_WARN_ABOUT_RETURN_TYPE = YES_ERROR;
				GCC_WARN_UNDECLARED_SELECTOR = YES;
				GCC_WARN_UNINITIALIZED_AUTOS = YES_AGGRESSIVE;
				GCC_WARN_UNUSED_FUNCTION = YES;
				GCC_WARN_UNUSED_VARIABLE = YES;
				IPHONEOS_DEPLOYMENT_TARGET = 13.2;
				MTL_ENABLE_DEBUG_INFO = INCLUDE_SOURCE;
				MTL_FAST_MATH = YES;
				ONLY_ACTIVE_ARCH = YES;
				SDKROOT = iphoneos;
				SWIFT_ACTIVE_COMPILATION_CONDITIONS = DEBUG;
				SWIFT_OPTIMIZATION_LEVEL = "-Onone";
			};
			name = Debug;
		};
		863DC96323E487A3001A77F5 /* Release */ = {
			isa = XCBuildConfiguration;
			buildSettings = {
				ALWAYS_SEARCH_USER_PATHS = NO;
				CLANG_ANALYZER_LOCALIZABILITY_NONLOCALIZED = YES;
				CLANG_ANALYZER_NONNULL = YES;
				CLANG_ANALYZER_NUMBER_OBJECT_CONVERSION = YES_AGGRESSIVE;
				CLANG_CXX_LANGUAGE_STANDARD = "gnu++14";
				CLANG_CXX_LIBRARY = "libc++";
				CLANG_ENABLE_MODULES = YES;
				CLANG_ENABLE_OBJC_ARC = YES;
				CLANG_ENABLE_OBJC_WEAK = YES;
				CLANG_WARN_BLOCK_CAPTURE_AUTORELEASING = YES;
				CLANG_WARN_BOOL_CONVERSION = YES;
				CLANG_WARN_COMMA = YES;
				CLANG_WARN_CONSTANT_CONVERSION = YES;
				CLANG_WARN_DEPRECATED_OBJC_IMPLEMENTATIONS = YES;
				CLANG_WARN_DIRECT_OBJC_ISA_USAGE = YES_ERROR;
				CLANG_WARN_DOCUMENTATION_COMMENTS = YES;
				CLANG_WARN_EMPTY_BODY = YES;
				CLANG_WARN_ENUM_CONVERSION = YES;
				CLANG_WARN_INFINITE_RECURSION = YES;
				CLANG_WARN_INT_CONVERSION = YES;
				CLANG_WARN_NON_LITERAL_NULL_CONVERSION = YES;
				CLANG_WARN_OBJC_IMPLICIT_RETAIN_SELF = YES;
				CLANG_WARN_OBJC_LITERAL_CONVERSION = YES;
				CLANG_WARN_OBJC_ROOT_CLASS = YES_ERROR;
				CLANG_WARN_RANGE_LOOP_ANALYSIS = YES;
				CLANG_WARN_STRICT_PROTOTYPES = YES;
				CLANG_WARN_SUSPICIOUS_MOVE = YES;
				CLANG_WARN_UNGUARDED_AVAILABILITY = YES_AGGRESSIVE;
				CLANG_WARN_UNREACHABLE_CODE = YES;
				CLANG_WARN__DUPLICATE_METHOD_MATCH = YES;
				COPY_PHASE_STRIP = NO;
				DEBUG_INFORMATION_FORMAT = "dwarf-with-dsym";
				ENABLE_NS_ASSERTIONS = NO;
				ENABLE_STRICT_OBJC_MSGSEND = YES;
				GCC_C_LANGUAGE_STANDARD = gnu11;
				GCC_NO_COMMON_BLOCKS = YES;
				GCC_WARN_64_TO_32_BIT_CONVERSION = YES;
				GCC_WARN_ABOUT_RETURN_TYPE = YES_ERROR;
				GCC_WARN_UNDECLARED_SELECTOR = YES;
				GCC_WARN_UNINITIALIZED_AUTOS = YES_AGGRESSIVE;
				GCC_WARN_UNUSED_FUNCTION = YES;
				GCC_WARN_UNUSED_VARIABLE = YES;
				IPHONEOS_DEPLOYMENT_TARGET = 13.2;
				MTL_ENABLE_DEBUG_INFO = NO;
				MTL_FAST_MATH = YES;
				SDKROOT = iphoneos;
				SWIFT_COMPILATION_MODE = wholemodule;
				SWIFT_OPTIMIZATION_LEVEL = "-O";
				VALIDATE_PRODUCT = YES;
			};
			name = Release;
		};
		863DC96523E487A3001A77F5 /* Debug */ = {
			isa = XCBuildConfiguration;
			buildSettings = {
				ASSETCATALOG_COMPILER_APPICON_NAME = AppIcon;
				CODE_SIGN_STYLE = Automatic;
				DEVELOPMENT_TEAM = SA46VNKRBQ;
				INFOPLIST_FILE = FirstPracticeEpam/Info.plist;
				LD_RUNPATH_SEARCH_PATHS = (
					"$(inherited)",
					"@executable_path/Frameworks",
				);
				PRODUCT_BUNDLE_IDENTIFIER = "Anastasia-Demidova.FirstPracticeEpam";
				PRODUCT_NAME = "$(TARGET_NAME)";
				SWIFT_VERSION = 5.0;
				TARGETED_DEVICE_FAMILY = 1;
			};
			name = Debug;
		};
		863DC96623E487A3001A77F5 /* Release */ = {
			isa = XCBuildConfiguration;
			buildSettings = {
				ASSETCATALOG_COMPILER_APPICON_NAME = AppIcon;
				CODE_SIGN_STYLE = Automatic;
				DEVELOPMENT_TEAM = SA46VNKRBQ;
				INFOPLIST_FILE = FirstPracticeEpam/Info.plist;
				LD_RUNPATH_SEARCH_PATHS = (
					"$(inherited)",
					"@executable_path/Frameworks",
				);
				PRODUCT_BUNDLE_IDENTIFIER = "Anastasia-Demidova.FirstPracticeEpam";
				PRODUCT_NAME = "$(TARGET_NAME)";
				SWIFT_VERSION = 5.0;
				TARGETED_DEVICE_FAMILY = 1;
			};
			name = Release;
		};
/* End XCBuildConfiguration section */

/* Begin XCConfigurationList section */
		863DC94B23E487A2001A77F5 /* Build configuration list for PBXProject "FirstPracticeEpam" */ = {
			isa = XCConfigurationList;
			buildConfigurations = (
				863DC96223E487A3001A77F5 /* Debug */,
				863DC96323E487A3001A77F5 /* Release */,
			);
			defaultConfigurationIsVisible = 0;
			defaultConfigurationName = Release;
		};
		863DC96423E487A3001A77F5 /* Build configuration list for PBXNativeTarget "FirstPracticeEpam" */ = {
			isa = XCConfigurationList;
			buildConfigurations = (
				863DC96523E487A3001A77F5 /* Debug */,
				863DC96623E487A3001A77F5 /* Release */,
			);
			defaultConfigurationIsVisible = 0;
			defaultConfigurationName = Release;
		};
/* End XCConfigurationList section */
	};
	rootObject = 863DC94823E487A2001A77F5 /* Project object */;
}
